
Microsoft Visual Studio Solution File, Format Version 12.00
# Visual Studio Version 17
VisualStudioVersion = 17.5.33530.505
MinimumVisualStudioVersion = 10.0.40219.1
Project("{FAE04EC0-301F-11D3-BF4B-00C04F79EFBC}") = "Oponeo.UnitTests.Implementation", "Fizzbuzz\Oponeo.UnitTests.Implementation.csproj", "{95F2FA71-F493-471D-9FEE-AB041D3A841B}"
EndProject
Project("{FAE04EC0-301F-11D3-BF4B-00C04F79EFBC}") = "Fizzbuzz.Tests", "Fizzbuzz.Tests\Fizzbuzz.Tests.csproj", "{FA72624F-4B76-4203-89A5-3F0D6DD05413}"
	ProjectSection(ProjectDependencies) = postProject
		{95F2FA71-F493-471D-9FEE-AB041D3A841B} = {95F2FA71-F493-471D-9FEE-AB041D3A841B}
	EndProjectSection
EndProject
Global
	GlobalSection(SolutionConfigurationPlatforms) = preSolution
		Debug|Any CPU = Debug|Any CPU
		Release|Any CPU = Release|Any CPU
	EndGlobalSection
	GlobalSection(ProjectConfigurationPlatforms) = postSolution
		{95F2FA71-F493-471D-9FEE-AB041D3A841B}.Debug|Any CPU.ActiveCfg = Debug|Any CPU
		{95F2FA71-F493-471D-9FEE-AB041D3A841B}.Debug|Any CPU.Build.0 = Debug|Any CPU
		{95F2FA71-F493-471D-9FEE-AB041D3A841B}.Release|Any CPU.ActiveCfg = Release|Any CPU
		{95F2FA71-F493-471D-9FEE-AB041D3A841B}.Release|Any CPU.Build.0 = Release|Any CPU
		{FA72624F-4B76-4203-89A5-3F0D6DD05413}.Debug|Any CPU.ActiveCfg = Debug|Any CPU
		{FA72624F-4B76-4203-89A5-3F0D6DD05413}.Debug|Any CPU.Build.0 = Debug|Any CPU
		{FA72624F-4B76-4203-89A5-3F0D6DD05413}.Release|Any CPU.ActiveCfg = Release|Any CPU
		{FA72624F-4B76-4203-89A5-3F0D6DD05413}.Release|Any CPU.Build.0 = Release|Any CPU
	EndGlobalSection
	GlobalSection(SolutionProperties) = preSolution
		HideSolutionNode = FALSE
	EndGlobalSection
	GlobalSection(ExtensibilityGlobals) = postSolution
		SolutionGuid = {7CD82693-C7B1-48C0-BC42-39C063ED6832}
	EndGlobalSection
EndGlobal
